
Microsoft Visual Studio Solution File, Format Version 12.00
# Visual Studio Version 17
VisualStudioVersion = 17.4.33205.214
MinimumVisualStudioVersion = 10.0.40219.1
Project("{FAE04EC0-301F-11D3-BF4B-00C04F79EFBC}") = "WpfApp1", "WpfApp1.csproj", "{2CEC50F3-7EA2-4B42-B484-49395AD57445}"
EndProject
Project("{54435603-DBB4-11D2-8724-00A0C9A8B90C}") = "FurnitureManagementSetup", "..\FurnitureManagementSetup\FurnitureManagementSetup.vdproj", "{C7925E62-0600-42EB-A204-AEA01A69AE64}"
EndProject
Global
	GlobalSection(SolutionConfigurationPlatforms) = preSolution
		Debug|Any CPU = Debug|Any CPU
		Release|Any CPU = Release|Any CPU
	EndGlobalSection
	GlobalSection(ProjectConfigurationPlatforms) = postSolution
		{2CEC50F3-7EA2-4B42-B484-49395AD57445}.Debug|Any CPU.ActiveCfg = Debug|Any CPU
		{2CEC50F3-7EA2-4B42-B484-49395AD57445}.Debug|Any CPU.Build.0 = Debug|Any CPU
		{2CEC50F3-7EA2-4B42-B484-49395AD57445}.Release|Any CPU.ActiveCfg = Release|Any CPU
		{2CEC50F3-7EA2-4B42-B484-49395AD57445}.Release|Any CPU.Build.0 = Release|Any CPU
		{C7925E62-0600-42EB-A204-AEA01A69AE64}.Debug|Any CPU.ActiveCfg = Debug
		{C7925E62-0600-42EB-A204-AEA01A69AE64}.Release|Any CPU.ActiveCfg = Release
	EndGlobalSection
	GlobalSection(SolutionProperties) = preSolution
		HideSolutionNode = FALSE
	EndGlobalSection
	GlobalSection(ExtensibilityGlobals) = postSolution
		SolutionGuid = {62DB5060-DD16-43BF-ACDE-E39565E35D83}
	EndGlobalSection
EndGlobal
